// !$*UTF8*$!
{
	archiveVersion = 1;
	classes = {
	};
	objectVersion = 56;
	objects = {

/* Begin PBXBuildFile section */
		D7D86E7F2ACC7AB20031A13C /* AppDelegate.swift in Sources */ = {isa = PBXBuildFile; fileRef = D7D86E7E2ACC7AB20031A13C /* AppDelegate.swift */; };
		D7D86E812ACC7AB20031A13C /* SceneDelegate.swift in Sources */ = {isa = PBXBuildFile; fileRef = D7D86E802ACC7AB20031A13C /* SceneDelegate.swift */; };
		D7D86E832ACC7AB20031A13C /* ViewController.swift in Sources */ = {isa = PBXBuildFile; fileRef = D7D86E822ACC7AB20031A13C /* ViewController.swift */; };
		D7D86E862ACC7AB20031A13C /* Main.storyboard in Resources */ = {isa = PBXBuildFile; fileRef = D7D86E842ACC7AB20031A13C /* Main.storyboard */; };
		D7D86E882ACC7AB30031A13C /* Assets.xcassets in Resources */ = {isa = PBXBuildFile; fileRef = D7D86E872ACC7AB30031A13C /* Assets.xcassets */; };
		D7D86E8B2ACC7AB30031A13C /* LaunchScreen.storyboard in Resources */ = {isa = PBXBuildFile; fileRef = D7D86E892ACC7AB30031A13C /* LaunchScreen.storyboard */; };
		D7D86E962ACC7AB30031A13C /* StackViewTests.swift in Sources */ = {isa = PBXBuildFile; fileRef = D7D86E952ACC7AB30031A13C /* StackViewTests.swift */; };
		D7D86EA02ACC7AB30031A13C /* StackViewUITests.swift in Sources */ = {isa = PBXBuildFile; fileRef = D7D86E9F2ACC7AB30031A13C /* StackViewUITests.swift */; };
		D7D86EA22ACC7AB30031A13C /* StackViewUITestsLaunchTests.swift in Sources */ = {isa = PBXBuildFile; fileRef = D7D86EA12ACC7AB30031A13C /* StackViewUITestsLaunchTests.swift */; };
/* End PBXBuildFile section */

/* Begin PBXContainerItemProxy section */
		D7D86E922ACC7AB30031A13C /* PBXContainerItemProxy */ = {
			isa = PBXContainerItemProxy;
			containerPortal = D7D86E732ACC7AB20031A13C /* Project object */;
			proxyType = 1;
			remoteGlobalIDString = D7D86E7A2ACC7AB20031A13C;
			remoteInfo = StackView;
		};
		D7D86E9C2ACC7AB30031A13C /* PBXContainerItemProxy */ = {
			isa = PBXContainerItemProxy;
			containerPortal = D7D86E732ACC7AB20031A13C /* Project object */;
			proxyType = 1;
			remoteGlobalIDString = D7D86E7A2ACC7AB20031A13C;
			remoteInfo = StackView;
		};
/* End PBXContainerItemProxy section */

/* Begin PBXFileReference section */
		D7D86E7B2ACC7AB20031A13C /* StackView.app */ = {isa = PBXFileReference; explicitFileType = wrapper.application; includeInIndex = 0; path = StackView.app; sourceTree = BUILT_PRODUCTS_DIR; };
		D7D86E7E2ACC7AB20031A13C /* AppDelegate.swift */ = {isa = PBXFileReference; lastKnownFileType = sourcecode.swift; path = AppDelegate.swift; sourceTree = "<group>"; };
		D7D86E802ACC7AB20031A13C /* SceneDelegate.swift */ = {isa = PBXFileReference; lastKnownFileType = sourcecode.swift; path = SceneDelegate.swift; sourceTree = "<group>"; };
		D7D86E822ACC7AB20031A13C /* ViewController.swift */ = {isa = PBXFileReference; lastKnownFileType = sourcecode.swift; path = ViewController.swift; sourceTree = "<group>"; };
		D7D86E852ACC7AB20031A13C /* Base */ = {isa = PBXFileReference; lastKnownFileType = file.storyboard; name = Base; path = Base.lproj/Main.storyboard; sourceTree = "<group>"; };
		D7D86E872ACC7AB30031A13C /* Assets.xcassets */ = {isa = PBXFileReference; lastKnownFileType = folder.assetcatalog; path = Assets.xcassets; sourceTree = "<group>"; };
		D7D86E8A2ACC7AB30031A13C /* Base */ = {isa = PBXFileReference; lastKnownFileType = file.storyboard; name = Base; path = Base.lproj/LaunchScreen.storyboard; sourceTree = "<group>"; };
		D7D86E8C2ACC7AB30031A13C /* Info.plist */ = {isa = PBXFileReference; lastKnownFileType = text.plist.xml; path = Info.plist; sourceTree = "<group>"; };
		D7D86E912ACC7AB30031A13C /* StackViewTests.xctest */ = {isa = PBXFileReference; explicitFileType = wrapper.cfbundle; includeInIndex = 0; path = StackViewTests.xctest; sourceTree = BUILT_PRODUCTS_DIR; };
		D7D86E952ACC7AB30031A13C /* StackViewTests.swift */ = {isa = PBXFileReference; lastKnownFileType = sourcecode.swift; path = StackViewTests.swift; sourceTree = "<group>"; };
		D7D86E9B2ACC7AB30031A13C /* StackViewUITests.xctest */ = {isa = PBXFileReference; explicitFileType = wrapper.cfbundle; includeInIndex = 0; path = StackViewUITests.xctest; sourceTree = BUILT_PRODUCTS_DIR; };
		D7D86E9F2ACC7AB30031A13C /* StackViewUITests.swift */ = {isa = PBXFileReference; lastKnownFileType = sourcecode.swift; path = StackViewUITests.swift; sourceTree = "<group>"; };
		D7D86EA12ACC7AB30031A13C /* StackViewUITestsLaunchTests.swift */ = {isa = PBXFileReference; lastKnownFileType = sourcecode.swift; path = StackViewUITestsLaunchTests.swift; sourceTree = "<group>"; };
/* End PBXFileReference section */

/* Begin PBXFrameworksBuildPhase section */
		D7D86E782ACC7AB20031A13C /* Frameworks */ = {
			isa = PBXFrameworksBuildPhase;
			buildActionMask = 2147483647;
			files = (
			);
			runOnlyForDeploymentPostprocessing = 0;
		};
		D7D86E8E2ACC7AB30031A13C /* Frameworks */ = {
			isa = PBXFrameworksBuildPhase;
			buildActionMask = 2147483647;
			files = (
			);
			runOnlyForDeploymentPostprocessing = 0;
		};
		D7D86E982ACC7AB30031A13C /* Frameworks */ = {
			isa = PBXFrameworksBuildPhase;
			buildActionMask = 2147483647;
			files = (
			);
			runOnlyForDeploymentPostprocessing = 0;
		};
/* End PBXFrameworksBuildPhase section */

/* Begin PBXGroup section */
		D7D86E722ACC7AB20031A13C = {
			isa = PBXGroup;
			children = (
				D7D86E7D2ACC7AB20031A13C /* StackView */,
				D7D86E942ACC7AB30031A13C /* StackViewTests */,
				D7D86E9E2ACC7AB30031A13C /* StackViewUITests */,
				D7D86E7C2ACC7AB20031A13C /* Products */,
			);
			sourceTree = "<group>";
		};
		D7D86E7C2ACC7AB20031A13C /* Products */ = {
			isa = PBXGroup;
			children = (
				D7D86E7B2ACC7AB20031A13C /* StackView.app */,
				D7D86E912ACC7AB30031A13C /* StackViewTests.xctest */,
				D7D86E9B2ACC7AB30031A13C /* StackViewUITests.xctest */,
			);
			name = Products;
			sourceTree = "<group>";
		};
		D7D86E7D2ACC7AB20031A13C /* StackView */ = {
			isa = PBXGroup;
			children = (
				D7D86E7E2ACC7AB20031A13C /* AppDelegate.swift */,
				D7D86E802ACC7AB20031A13C /* SceneDelegate.swift */,
				D7D86E822ACC7AB20031A13C /* ViewController.swift */,
				D7D86E842ACC7AB20031A13C /* Main.storyboard */,
				D7D86E872ACC7AB30031A13C /* Assets.xcassets */,
				D7D86E892ACC7AB30031A13C /* LaunchScreen.storyboard */,
				D7D86E8C2ACC7AB30031A13C /* Info.plist */,
			);
			path = StackView;
			sourceTree = "<group>";
		};
		D7D86E942ACC7AB30031A13C /* StackViewTests */ = {
			isa = PBXGroup;
			children = (
				D7D86E952ACC7AB30031A13C /* StackViewTests.swift */,
			);
			path = StackViewTests;
			sourceTree = "<group>";
		};
		D7D86E9E2ACC7AB30031A13C /* StackViewUITests */ = {
			isa = PBXGroup;
			children = (
				D7D86E9F2ACC7AB30031A13C /* StackViewUITests.swift */,
				D7D86EA12ACC7AB30031A13C /* StackViewUITestsLaunchTests.swift */,
			);
			path = StackViewUITests;
			sourceTree = "<group>";
		};
/* End PBXGroup section */

/* Begin PBXNativeTarget section */
		D7D86E7A2ACC7AB20031A13C /* StackView */ = {
			isa = PBXNativeTarget;
			buildConfigurationList = D7D86EA52ACC7AB30031A13C /* Build configuration list for PBXNativeTarget "StackView" */;
			buildPhases = (
				D7D86E772ACC7AB20031A13C /* Sources */,
				D7D86E782ACC7AB20031A13C /* Frameworks */,
				D7D86E792ACC7AB20031A13C /* Resources */,
			);
			buildRules = (
			);
			dependencies = (
			);
			name = StackView;
			productName = StackView;
			productReference = D7D86E7B2ACC7AB20031A13C /* StackView.app */;
			productType = "com.apple.product-type.application";
		};
		D7D86E902ACC7AB30031A13C /* StackViewTests */ = {
			isa = PBXNativeTarget;
			buildConfigurationList = D7D86EA82ACC7AB30031A13C /* Build configuration list for PBXNativeTarget "StackViewTests" */;
			buildPhases = (
				D7D86E8D2ACC7AB30031A13C /* Sources */,
				D7D86E8E2ACC7AB30031A13C /* Frameworks */,
				D7D86E8F2ACC7AB30031A13C /* Resources */,
			);
			buildRules = (
			);
			dependencies = (
				D7D86E932ACC7AB30031A13C /* PBXTargetDependency */,
			);
			name = StackViewTests;
			productName = StackViewTests;
			productReference = D7D86E912ACC7AB30031A13C /* StackViewTests.xctest */;
			productType = "com.apple.product-type.bundle.unit-test";
		};
		D7D86E9A2ACC7AB30031A13C /* StackViewUITests */ = {
			isa = PBXNativeTarget;
			buildConfigurationList = D7D86EAB2ACC7AB30031A13C /* Build configuration list for PBXNativeTarget "StackViewUITests" */;
			buildPhases = (
				D7D86E972ACC7AB30031A13C /* Sources */,
				D7D86E982ACC7AB30031A13C /* Frameworks */,
				D7D86E992ACC7AB30031A13C /* Resources */,
			);
			buildRules = (
			);
			dependencies = (
				D7D86E9D2ACC7AB30031A13C /* PBXTargetDependency */,
			);
			name = StackViewUITests;
			productName = StackViewUITests;
			productReference = D7D86E9B2ACC7AB30031A13C /* StackViewUITests.xctest */;
			productType = "com.apple.product-type.bundle.ui-testing";
		};
/* End PBXNativeTarget section */

/* Begin PBXProject section */
		D7D86E732ACC7AB20031A13C /* Project object */ = {
			isa = PBXProject;
			attributes = {
				BuildIndependentTargetsInParallel = 1;
				LastSwiftUpdateCheck = 1420;
				LastUpgradeCheck = 1420;
				TargetAttributes = {
					D7D86E7A2ACC7AB20031A13C = {
						CreatedOnToolsVersion = 14.2;
					};
					D7D86E902ACC7AB30031A13C = {
						CreatedOnToolsVersion = 14.2;
						TestTargetID = D7D86E7A2ACC7AB20031A13C;
					};
					D7D86E9A2ACC7AB30031A13C = {
						CreatedOnToolsVersion = 14.2;
						TestTargetID = D7D86E7A2ACC7AB20031A13C;
					};
				};
			};
			buildConfigurationList = D7D86E762ACC7AB20031A13C /* Build configuration list for PBXProject "StackView" */;
			compatibilityVersion = "Xcode 14.0";
			developmentRegion = en;
			hasScannedForEncodings = 0;
			knownRegions = (
				en,
				Base,
			);
			mainGroup = D7D86E722ACC7AB20031A13C;
			productRefGroup = D7D86E7C2ACC7AB20031A13C /* Products */;
			projectDirPath = "";
			projectRoot = "";
			targets = (
				D7D86E7A2ACC7AB20031A13C /* StackView */,
				D7D86E902ACC7AB30031A13C /* StackViewTests */,
				D7D86E9A2ACC7AB30031A13C /* StackViewUITests */,
			);
		};
/* End PBXProject section */

/* Begin PBXResourcesBuildPhase section */
		D7D86E792ACC7AB20031A13C /* Resources */ = {
			isa = PBXResourcesBuildPhase;
			buildActionMask = 2147483647;
			files = (
				D7D86E8B2ACC7AB30031A13C /* LaunchScreen.storyboard in Resources */,
				D7D86E882ACC7AB30031A13C /* Assets.xcassets in Resources */,
				D7D86E862ACC7AB20031A13C /* Main.storyboard in Resources */,
			);
			runOnlyForDeploymentPostprocessing = 0;
		};
		D7D86E8F2ACC7AB30031A13C /* Resources */ = {
			isa = PBXResourcesBuildPhase;
			buildActionMask = 2147483647;
			files = (
			);
			runOnlyForDeploymentPostprocessing = 0;
		};
		D7D86E992ACC7AB30031A13C /* Resources */ = {
			isa = PBXResourcesBuildPhase;
			buildActionMask = 2147483647;
			files = (
			);
			runOnlyForDeploymentPostprocessing = 0;
		};
/* End PBXResourcesBuildPhase section */

/* Begin PBXSourcesBuildPhase section */
		D7D86E772ACC7AB20031A13C /* Sources */ = {
			isa = PBXSourcesBuildPhase;
			buildActionMask = 2147483647;
			files = (
				D7D86E832ACC7AB20031A13C /* ViewController.swift in Sources */,
				D7D86E7F2ACC7AB20031A13C /* AppDelegate.swift in Sources */,
				D7D86E812ACC7AB20031A13C /* SceneDelegate.swift in Sources */,
			);
			runOnlyForDeploymentPostprocessing = 0;
		};
		D7D86E8D2ACC7AB30031A13C /* Sources */ = {
			isa = PBXSourcesBuildPhase;
			buildActionMask = 2147483647;
			files = (
				D7D86E962ACC7AB30031A13C /* StackViewTests.swift in Sources */,
			);
			runOnlyForDeploymentPostprocessing = 0;
		};
		D7D86E972ACC7AB30031A13C /* Sources */ = {
			isa = PBXSourcesBuildPhase;
			buildActionMask = 2147483647;
			files = (
				D7D86EA22ACC7AB30031A13C /* StackViewUITestsLaunchTests.swift in Sources */,
				D7D86EA02ACC7AB30031A13C /* StackViewUITests.swift in Sources */,
			);
			runOnlyForDeploymentPostprocessing = 0;
		};
/* End PBXSourcesBuildPhase section */

/* Begin PBXTargetDependency section */
		D7D86E932ACC7AB30031A13C /* PBXTargetDependency */ = {
			isa = PBXTargetDependency;
			target = D7D86E7A2ACC7AB20031A13C /* StackView */;
			targetProxy = D7D86E922ACC7AB30031A13C /* PBXContainerItemProxy */;
		};
		D7D86E9D2ACC7AB30031A13C /* PBXTargetDependency */ = {
			isa = PBXTargetDependency;
			target = D7D86E7A2ACC7AB20031A13C /* StackView */;
			targetProxy = D7D86E9C2ACC7AB30031A13C /* PBXContainerItemProxy */;
		};
/* End PBXTargetDependency section */

/* Begin PBXVariantGroup section */
		D7D86E842ACC7AB20031A13C /* Main.storyboard */ = {
			isa = PBXVariantGroup;
			children = (
				D7D86E852ACC7AB20031A13C /* Base */,
			);
			name = Main.storyboard;
			sourceTree = "<group>";
		};
		D7D86E892ACC7AB30031A13C /* LaunchScreen.storyboard */ = {
			isa = PBXVariantGroup;
			children = (
				D7D86E8A2ACC7AB30031A13C /* Base */,
			);
			name = LaunchScreen.storyboard;
			sourceTree = "<group>";
		};
/* End PBXVariantGroup section */

/* Begin XCBuildConfiguration section */
		D7D86EA32ACC7AB30031A13C /* Debug */ = {
			isa = XCBuildConfiguration;
			buildSettings = {
				ALWAYS_SEARCH_USER_PATHS = NO;
				CLANG_ANALYZER_NONNULL = YES;
				CLANG_ANALYZER_NUMBER_OBJECT_CONVERSION = YES_AGGRESSIVE;
				CLANG_CXX_LANGUAGE_STANDARD = "gnu++20";
				CLANG_ENABLE_MODULES = YES;
				CLANG_ENABLE_OBJC_ARC = YES;
				CLANG_ENABLE_OBJC_WEAK = YES;
				CLANG_WARN_BLOCK_CAPTURE_AUTORELEASING = YES;
				CLANG_WARN_BOOL_CONVERSION = YES;
				CLANG_WARN_COMMA = YES;
				CLANG_WARN_CONSTANT_CONVERSION = YES;
				CLANG_WARN_DEPRECATED_OBJC_IMPLEMENTATIONS = YES;
				CLANG_WARN_DIRECT_OBJC_ISA_USAGE = YES_ERROR;
				CLANG_WARN_DOCUMENTATION_COMMENTS = YES;
				CLANG_WARN_EMPTY_BODY = YES;
				CLANG_WARN_ENUM_CONVERSION = YES;
				CLANG_WARN_INFINITE_RECURSION = YES;
				CLANG_WARN_INT_CONVERSION = YES;
				CLANG_WARN_NON_LITERAL_NULL_CONVERSION = YES;
				CLANG_WARN_OBJC_IMPLICIT_RETAIN_SELF = YES;
				CLANG_WARN_OBJC_LITERAL_CONVERSION = YES;
				CLANG_WARN_OBJC_ROOT_CLASS = YES_ERROR;
				CLANG_WARN_QUOTED_INCLUDE_IN_FRAMEWORK_HEADER = YES;
				CLANG_WARN_RANGE_LOOP_ANALYSIS = YES;
				CLANG_WARN_STRICT_PROTOTYPES = YES;
				CLANG_WARN_SUSPICIOUS_MOVE = YES;
				CLANG_WARN_UNGUARDED_AVAILABILITY = YES_AGGRESSIVE;
				CLANG_WARN_UNREACHABLE_CODE = YES;
				CLANG_WARN__DUPLICATE_METHOD_MATCH = YES;
				COPY_PHASE_STRIP = NO;
				DEBUG_INFORMATION_FORMAT = dwarf;
				ENABLE_STRICT_OBJC_MSGSEND = YES;
				ENABLE_TESTABILITY = YES;
				GCC_C_LANGUAGE_STANDARD = gnu11;
				GCC_DYNAMIC_NO_PIC = NO;
				GCC_NO_COMMON_BLOCKS = YES;
				GCC_OPTIMIZATION_LEVEL = 0;
				GCC_PREPROCESSOR_DEFINITIONS = (
					"DEBUG=1",
					"$(inherited)",
				);
				GCC_WARN_64_TO_32_BIT_CONVERSION = YES;
				GCC_WARN_ABOUT_RETURN_TYPE = YES_ERROR;
				GCC_WARN_UNDECLARED_SELECTOR = YES;
				GCC_WARN_UNINITIALIZED_AUTOS = YES_AGGRESSIVE;
				GCC_WARN_UNUSED_FUNCTION = YES;
				GCC_WARN_UNUSED_VARIABLE = YES;
				IPHONEOS_DEPLOYMENT_TARGET = 16.2;
				MTL_ENABLE_DEBUG_INFO = INCLUDE_SOURCE;
				MTL_FAST_MATH = YES;
				ONLY_ACTIVE_ARCH = YES;
				SDKROOT = iphoneos;
				SWIFT_ACTIVE_COMPILATION_CONDITIONS = DEBUG;
				SWIFT_OPTIMIZATION_LEVEL = "-Onone";
			};
			name = Debug;
		};
		D7D86EA42ACC7AB30031A13C /* Release */ = {
			isa = XCBuildConfiguration;
			buildSettings = {
				ALWAYS_SEARCH_USER_PATHS = NO;
				CLANG_ANALYZER_NONNULL = YES;
				CLANG_ANALYZER_NUMBER_OBJECT_CONVERSION = YES_AGGRESSIVE;
				CLANG_CXX_LANGUAGE_STANDARD = "gnu++20";
				CLANG_ENABLE_MODULES = YES;
				CLANG_ENABLE_OBJC_ARC = YES;
				CLANG_ENABLE_OBJC_WEAK = YES;
				CLANG_WARN_BLOCK_CAPTURE_AUTORELEASING = YES;
				CLANG_WARN_BOOL_CONVERSION = YES;
				CLANG_WARN_COMMA = YES;
				CLANG_WARN_CONSTANT_CONVERSION = YES;
				CLANG_WARN_DEPRECATED_OBJC_IMPLEMENTATIONS = YES;
				CLANG_WARN_DIRECT_OBJC_ISA_USAGE = YES_ERROR;
				CLANG_WARN_DOCUMENTATION_COMMENTS = YES;
				CLANG_WARN_EMPTY_BODY = YES;
				CLANG_WARN_ENUM_CONVERSION = YES;
				CLANG_WARN_INFINITE_RECURSION = YES;
				CLANG_WARN_INT_CONVERSION = YES;
				CLANG_WARN_NON_LITERAL_NULL_CONVERSION = YES;
				CLANG_WARN_OBJC_IMPLICIT_RETAIN_SELF = YES;
				CLANG_WARN_OBJC_LITERAL_CONVERSION = YES;
				CLANG_WARN_OBJC_ROOT_CLASS = YES_ERROR;
				CLANG_WARN_QUOTED_INCLUDE_IN_FRAMEWORK_HEADER = YES;
				CLANG_WARN_RANGE_LOOP_ANALYSIS = YES;
				CLANG_WARN_STRICT_PROTOTYPES = YES;
				CLANG_WARN_SUSPICIOUS_MOVE = YES;
				CLANG_WARN_UNGUARDED_AVAILABILITY = YES_AGGRESSIVE;
				CLANG_WARN_UNREACHABLE_CODE = YES;
				CLANG_WARN__DUPLICATE_METHOD_MATCH = YES;
				COPY_PHASE_STRIP = NO;
				DEBUG_INFORMATION_FORMAT = "dwarf-with-dsym";
				ENABLE_NS_ASSERTIONS = NO;
				ENABLE_STRICT_OBJC_MSGSEND = YES;
				GCC_C_LANGUAGE_STANDARD = gnu11;
				GCC_NO_COMMON_BLOCKS = YES;
				GCC_WARN_64_TO_32_BIT_CONVERSION = YES;
				GCC_WARN_ABOUT_RETURN_TYPE = YES_ERROR;
				GCC_WARN_UNDECLARED_SELECTOR = YES;
				GCC_WARN_UNINITIALIZED_AUTOS = YES_AGGRESSIVE;
				GCC_WARN_UNUSED_FUNCTION = YES;
				GCC_WARN_UNUSED_VARIABLE = YES;
				IPHONEOS_DEPLOYMENT_TARGET = 16.2;
				MTL_ENABLE_DEBUG_INFO = NO;
				MTL_FAST_MATH = YES;
				SDKROOT = iphoneos;
				SWIFT_COMPILATION_MODE = wholemodule;
				SWIFT_OPTIMIZATION_LEVEL = "-O";
				VALIDATE_PRODUCT = YES;
			};
			name = Release;
		};
		D7D86EA62ACC7AB30031A13C /* Debug */ = {
			isa = XCBuildConfiguration;
			buildSettings = {
				ASSETCATALOG_COMPILER_APPICON_NAME = AppIcon;
				ASSETCATALOG_COMPILER_GLOBAL_ACCENT_COLOR_NAME = AccentColor;
				CODE_SIGN_STYLE = Automatic;
				CURRENT_PROJECT_VERSION = 1;
				GENERATE_INFOPLIST_FILE = YES;
				INFOPLIST_FILE = StackView/Info.plist;
				INFOPLIST_KEY_UIApplicationSupportsIndirectInputEvents = YES;
				INFOPLIST_KEY_UILaunchStoryboardName = LaunchScreen;
				INFOPLIST_KEY_UIMainStoryboardFile = Main;
				INFOPLIST_KEY_UISupportedInterfaceOrientations_iPad = "UIInterfaceOrientationPortrait UIInterfaceOrientationPortraitUpsideDown UIInterfaceOrientationLandscapeLeft UIInterfaceOrientationLandscapeRight";
				INFOPLIST_KEY_UISupportedInterfaceOrientations_iPhone = "UIInterfaceOrientationPortrait UIInterfaceOrientationLandscapeLeft UIInterfaceOrientationLandscapeRight";
				LD_RUNPATH_SEARCH_PATHS = (
					"$(inherited)",
					"@executable_path/Frameworks",
				);
				MARKETING_VERSION = 1.0;
				PRODUCT_BUNDLE_IDENTIFIER = com.conestoga.StackView;
				PRODUCT_NAME = "$(TARGET_NAME)";
				SWIFT_EMIT_LOC_STRINGS = YES;
				SWIFT_VERSION = 5.0;
				TARGETED_DEVICE_FAMILY = "1,2";
			};
			name = Debug;
		};
		D7D86EA72ACC7AB30031A13C /* Release */ = {
			isa = XCBuildConfiguration;
			buildSettings = {
				ASSETCATALOG_COMPILER_APPICON_NAME = AppIcon;
				ASSETCATALOG_COMPILER_GLOBAL_ACCENT_COLOR_NAME = AccentColor;
				CODE_SIGN_STYLE = Automatic;
				CURRENT_PROJECT_VERSION = 1;
				GENERATE_INFOPLIST_FILE = YES;
				INFOPLIST_FILE = StackView/Info.plist;
				INFOPLIST_KEY_UIApplicationSupportsIndirectInputEvents = YES;
				INFOPLIST_KEY_UILaunchStoryboardName = LaunchScreen;
				INFOPLIST_KEY_UIMainStoryboardFile = Main;
				INFOPLIST_KEY_UISupportedInterfaceOrientations_iPad = "UIInterfaceOrientationPortrait UIInterfaceOrientationPortraitUpsideDown UIInterfaceOrientationLandscapeLeft UIInterfaceOrientationLandscapeRight";
				INFOPLIST_KEY_UISupportedInterfaceOrientations_iPhone = "UIInterfaceOrientationPortrait UIInterfaceOrientationLandscapeLeft UIInterfaceOrientationLandscapeRight";
				LD_RUNPATH_SEARCH_PATHS = (
					"$(inherited)",
					"@executable_path/Frameworks",
				);
				MARKETING_VERSION = 1.0;
				PRODUCT_BUNDLE_IDENTIFIER = com.conestoga.StackView;
				PRODUCT_NAME = "$(TARGET_NAME)";
				SWIFT_EMIT_LOC_STRINGS = YES;
				SWIFT_VERSION = 5.0;
				TARGETED_DEVICE_FAMILY = "1,2";
			};
			name = Release;
		};
		D7D86EA92ACC7AB30031A13C /* Debug */ = {
			isa = XCBuildConfiguration;
			buildSettings = {
				ALWAYS_EMBED_SWIFT_STANDARD_LIBRARIES = YES;
				BUNDLE_LOADER = "$(TEST_HOST)";
				CODE_SIGN_STYLE = Automatic;
				CURRENT_PROJECT_VERSION = 1;
				GENERATE_INFOPLIST_FILE = YES;
				IPHONEOS_DEPLOYMENT_TARGET = 16.2;
				MARKETING_VERSION = 1.0;
				PRODUCT_BUNDLE_IDENTIFIER = com.conestoga.StackViewTests;
				PRODUCT_NAME = "$(TARGET_NAME)";
				SWIFT_EMIT_LOC_STRINGS = NO;
				SWIFT_VERSION = 5.0;
				TARGETED_DEVICE_FAMILY = "1,2";
				TEST_HOST = "$(BUILT_PRODUCTS_DIR)/StackView.app/$(BUNDLE_EXECUTABLE_FOLDER_PATH)/StackView";
			};
			name = Debug;
		};
		D7D86EAA2ACC7AB30031A13C /* Release */ = {
			isa = XCBuildConfiguration;
			buildSettings = {
				ALWAYS_EMBED_SWIFT_STANDARD_LIBRARIES = YES;
				BUNDLE_LOADER = "$(TEST_HOST)";
				CODE_SIGN_STYLE = Automatic;
				CURRENT_PROJECT_VERSION = 1;
				GENERATE_INFOPLIST_FILE = YES;
				IPHONEOS_DEPLOYMENT_TARGET = 16.2;
				MARKETING_VERSION = 1.0;
				PRODUCT_BUNDLE_IDENTIFIER = com.conestoga.StackViewTests;
				PRODUCT_NAME = "$(TARGET_NAME)";
				SWIFT_EMIT_LOC_STRINGS = NO;
				SWIFT_VERSION = 5.0;
				TARGETED_DEVICE_FAMILY = "1,2";
				TEST_HOST = "$(BUILT_PRODUCTS_DIR)/StackView.app/$(BUNDLE_EXECUTABLE_FOLDER_PATH)/StackView";
			};
			name = Release;
		};
		D7D86EAC2ACC7AB30031A13C /* Debug */ = {
			isa = XCBuildConfiguration;
			buildSettings = {
				ALWAYS_EMBED_SWIFT_STANDARD_LIBRARIES = YES;
				CODE_SIGN_STYLE = Automatic;
				CURRENT_PROJECT_VERSION = 1;
				GENERATE_INFOPLIST_FILE = YES;
				MARKETING_VERSION = 1.0;
				PRODUCT_BUNDLE_IDENTIFIER = com.conestoga.StackViewUITests;
				PRODUCT_NAME = "$(TARGET_NAME)";
				SWIFT_EMIT_LOC_STRINGS = NO;
				SWIFT_VERSION = 5.0;
				TARGETED_DEVICE_FAMILY = "1,2";
				TEST_TARGET_NAME = StackView;
			};
			name = Debug;
		};
		D7D86EAD2ACC7AB30031A13C /* Release */ = {
			isa = XCBuildConfiguration;
			buildSettings = {
				ALWAYS_EMBED_SWIFT_STANDARD_LIBRARIES = YES;
				CODE_SIGN_STYLE = Automatic;
				CURRENT_PROJECT_VERSION = 1;
				GENERATE_INFOPLIST_FILE = YES;
				MARKETING_VERSION = 1.0;
				PRODUCT_BUNDLE_IDENTIFIER = com.conestoga.StackViewUITests;
				PRODUCT_NAME = "$(TARGET_NAME)";
				SWIFT_EMIT_LOC_STRINGS = NO;
				SWIFT_VERSION = 5.0;
				TARGETED_DEVICE_FAMILY = "1,2";
				TEST_TARGET_NAME = StackView;
			};
			name = Release;
		};
/* End XCBuildConfiguration section */

/* Begin XCConfigurationList section */
		D7D86E762ACC7AB20031A13C /* Build configuration list for PBXProject "StackView" */ = {
			isa = XCConfigurationList;
			buildConfigurations = (
				D7D86EA32ACC7AB30031A13C /* Debug */,
				D7D86EA42ACC7AB30031A13C /* Release */,
			);
			defaultConfigurationIsVisible = 0;
			defaultConfigurationName = Release;
		};
		D7D86EA52ACC7AB30031A13C /* Build configuration list for PBXNativeTarget "StackView" */ = {
			isa = XCConfigurationList;
			buildConfigurations = (
				D7D86EA62ACC7AB30031A13C /* Debug */,
				D7D86EA72ACC7AB30031A13C /* Release */,
			);
			defaultConfigurationIsVisible = 0;
			defaultConfigurationName = Release;
		};
		D7D86EA82ACC7AB30031A13C /* Build configuration list for PBXNativeTarget "StackViewTests" */ = {
			isa = XCConfigurationList;
			buildConfigurations = (
				D7D86EA92ACC7AB30031A13C /* Debug */,
				D7D86EAA2ACC7AB30031A13C /* Release */,
			);
			defaultConfigurationIsVisible = 0;
			defaultConfigurationName = Release;
		};
		D7D86EAB2ACC7AB30031A13C /* Build configuration list for PBXNativeTarget "StackViewUITests" */ = {
			isa = XCConfigurationList;
			buildConfigurations = (
				D7D86EAC2ACC7AB30031A13C /* Debug */,
				D7D86EAD2ACC7AB30031A13C /* Release */,
			);
			defaultConfigurationIsVisible = 0;
			defaultConfigurationName = Release;
		};
/* End XCConfigurationList section */
	};
	rootObject = D7D86E732ACC7AB20031A13C /* Project object */;
}
